
Microsoft Visual Studio Solution File, Format Version 12.00
# Visual Studio Version 16
VisualStudioVersion = 16.0.30309.148
MinimumVisualStudioVersion = 10.0.40219.1
Project("{FAE04EC0-301F-11D3-BF4B-00C04F79EFBC}") = "StudyPlanner.Data", "StudyPlanner.Data\StudyPlanner.Data.csproj", "{959CEEE1-BC26-4715-B089-4CCEE11D4266}"
EndProject
Project("{FAE04EC0-301F-11D3-BF4B-00C04F79EFBC}") = "StudyPlanner.Business", "src\StudyPlanner.Business\StudyPlanner.Business.csproj", "{A4D1E870-385E-4781-B47F-5406318D839C}"
EndProject
Project("{FAE04EC0-301F-11D3-BF4B-00C04F79EFBC}") = "StudyPlanner.API", "src\StudyPlanner.API\StudyPlanner.API.csproj", "{C48ED899-3160-4F93-B036-D13802D90040}"
EndProject
Global
	GlobalSection(SolutionConfigurationPlatforms) = preSolution
		Debug|Any CPU = Debug|Any CPU
		Release|Any CPU = Release|Any CPU
	EndGlobalSection
	GlobalSection(ProjectConfigurationPlatforms) = postSolution
		{959CEEE1-BC26-4715-B089-4CCEE11D4266}.Debug|Any CPU.ActiveCfg = Debug|Any CPU
		{959CEEE1-BC26-4715-B089-4CCEE11D4266}.Debug|Any CPU.Build.0 = Debug|Any CPU
		{959CEEE1-BC26-4715-B089-4CCEE11D4266}.Release|Any CPU.ActiveCfg = Release|Any CPU
		{959CEEE1-BC26-4715-B089-4CCEE11D4266}.Release|Any CPU.Build.0 = Release|Any CPU
		{A4D1E870-385E-4781-B47F-5406318D839C}.Debug|Any CPU.ActiveCfg = Debug|Any CPU
		{A4D1E870-385E-4781-B47F-5406318D839C}.Debug|Any CPU.Build.0 = Debug|Any CPU
		{A4D1E870-385E-4781-B47F-5406318D839C}.Release|Any CPU.ActiveCfg = Release|Any CPU
		{A4D1E870-385E-4781-B47F-5406318D839C}.Release|Any CPU.Build.0 = Release|Any CPU
		{C48ED899-3160-4F93-B036-D13802D90040}.Debug|Any CPU.ActiveCfg = Debug|Any CPU
		{C48ED899-3160-4F93-B036-D13802D90040}.Debug|Any CPU.Build.0 = Debug|Any CPU
		{C48ED899-3160-4F93-B036-D13802D90040}.Release|Any CPU.ActiveCfg = Release|Any CPU
		{C48ED899-3160-4F93-B036-D13802D90040}.Release|Any CPU.Build.0 = Release|Any CPU
	EndGlobalSection
	GlobalSection(SolutionProperties) = preSolution
		HideSolutionNode = FALSE
	EndGlobalSection
	GlobalSection(ExtensibilityGlobals) = postSolution
		SolutionGuid = {313A4A75-A7E9-4B5B-B69D-30E35820677D}
	EndGlobalSection
EndGlobal
